// !$*UTF8*$!
{
	archiveVersion = 1;
	classes = {
	};
	objectVersion = 46;
	objects = {

/* Begin PBXBuildFile section */
		1B7C00866118314CD51A2A43 /* Pods_NewDesigner.framework in Frameworks */ = {isa = PBXBuildFile; fileRef = E4CF8AA0F5E6A1CFB0EC5EEC /* Pods_NewDesigner.framework */; };
		2B11B29E1E2D95CC005B08F8 /* AppDelegate.swift in Sources */ = {isa = PBXBuildFile; fileRef = 2B11B29D1E2D95CC005B08F8 /* AppDelegate.swift */; };
		2B11B2A51E2D95CC005B08F8 /* Assets.xcassets in Resources */ = {isa = PBXBuildFile; fileRef = 2B11B2A41E2D95CC005B08F8 /* Assets.xcassets */; };
		2B22C5C41E305382002474E8 /* CommentsTableViewCell.swift in Sources */ = {isa = PBXBuildFile; fileRef = 2B22C5C31E305382002474E8 /* CommentsTableViewCell.swift */; };
		2B22C5C61E3064F0002474E8 /* DNService.swift in Sources */ = {isa = PBXBuildFile; fileRef = 2B22C5C51E3064F0002474E8 /* DNService.swift */; };
		2B4BBA761E2EEC3500FC6BCA /* MenuViewController.swift in Sources */ = {isa = PBXBuildFile; fileRef = 2B4BBA751E2EEC3500FC6BCA /* MenuViewController.swift */; };
		2B4BBA781E2EEE8200FC6BCA /* WebViewController.swift in Sources */ = {isa = PBXBuildFile; fileRef = 2B4BBA771E2EEE8200FC6BCA /* WebViewController.swift */; };
		2B4BBA7B1E2EF34C00FC6BCA /* StoryTableViewCell.swift in Sources */ = {isa = PBXBuildFile; fileRef = 2B4BBA7A1E2EF34B00FC6BCA /* StoryTableViewCell.swift */; };
		2B5527EC1E2DC7F600C7AC8C /* LoginViewController.swift in Sources */ = {isa = PBXBuildFile; fileRef = 2B5527EB1E2DC7F600C7AC8C /* LoginViewController.swift */; };
		2B8021F11E2E403800364DC4 /* LearnViewController.swift in Sources */ = {isa = PBXBuildFile; fileRef = 2B8021F01E2E403800364DC4 /* LearnViewController.swift */; };
		2B8021F31E2E9CAE00364DC4 /* CommentsTableViewController.swift in Sources */ = {isa = PBXBuildFile; fileRef = 2B8021F21E2E9CAE00364DC4 /* CommentsTableViewController.swift */; };
		2B8021F51E2EAA8900364DC4 /* StoriesTableViewController.swift in Sources */ = {isa = PBXBuildFile; fileRef = 2B8021F41E2EAA8900364DC4 /* StoriesTableViewController.swift */; };
		2B9B889D1E306FB40022DD89 /* LocalStore.swift in Sources */ = {isa = PBXBuildFile; fileRef = 2B9B889C1E306FB40022DD89 /* LocalStore.swift */; };
		2B9B88A71E3075AE0022DD89 /* CommentTableViewCellDelegate.swift in Sources */ = {isa = PBXBuildFile; fileRef = 2B9B88A31E3075AE0022DD89 /* CommentTableViewCellDelegate.swift */; };
		2B9B88A81E3075AE0022DD89 /* LoginViewControllerDelegate.swift in Sources */ = {isa = PBXBuildFile; fileRef = 2B9B88A41E3075AE0022DD89 /* LoginViewControllerDelegate.swift */; };
		2B9B88A91E3075AE0022DD89 /* MenuViewControllerDelegate.swift in Sources */ = {isa = PBXBuildFile; fileRef = 2B9B88A51E3075AE0022DD89 /* MenuViewControllerDelegate.swift */; };
		2B9B88AA1E3075AE0022DD89 /* StoryTableViewCellDelegate.swift in Sources */ = {isa = PBXBuildFile; fileRef = 2B9B88A61E3075AE0022DD89 /* StoryTableViewCellDelegate.swift */; };
		2B9B88AC1E30798B0022DD89 /* ReplyViewController.swift in Sources */ = {isa = PBXBuildFile; fileRef = 2B9B88AB1E30798B0022DD89 /* ReplyViewController.swift */; };
		2B9E263A1E2D9FAD0093EB8A /* Main.storyboard in Resources */ = {isa = PBXBuildFile; fileRef = 2B9E26391E2D9FAD0093EB8A /* Main.storyboard */; };
		2B9E263E1E2D9FE90093EB8A /* LaunchScreen.storyboard in Resources */ = {isa = PBXBuildFile; fileRef = 2B9E263D1E2D9FE90093EB8A /* LaunchScreen.storyboard */; };
		2BF12D441E3002B400A0F8B4 /* CustomUIStoryboardSegue.swift in Sources */ = {isa = PBXBuildFile; fileRef = 2BF12D431E3002B400A0F8B4 /* CustomUIStoryboardSegue.swift */; };
		2BF12D4B1E301E6000A0F8B4 /* Data.swift in Sources */ = {isa = PBXBuildFile; fileRef = 2BF12D4A1E301E6000A0F8B4 /* Data.swift */; };
		2BF12D4D1E30490000A0F8B4 /* HamburgerButton.swift in Sources */ = {isa = PBXBuildFile; fileRef = 2BF12D4C1E30490000A0F8B4 /* HamburgerButton.swift */; };
/* End PBXBuildFile section */

/* Begin PBXFileReference section */
		0FA93FFAF2E60B3BB1BF32FF /* Pods-NewDesigner.release.xcconfig */ = {isa = PBXFileReference; includeInIndex = 1; lastKnownFileType = text.xcconfig; name = "Pods-NewDesigner.release.xcconfig"; path = "Pods/Target Support Files/Pods-NewDesigner/Pods-NewDesigner.release.xcconfig"; sourceTree = "<group>"; };
		2B11B29A1E2D95CC005B08F8 /* NewDesigner.app */ = {isa = PBXFileReference; explicitFileType = wrapper.application; includeInIndex = 0; path = NewDesigner.app; sourceTree = BUILT_PRODUCTS_DIR; };
		2B11B29D1E2D95CC005B08F8 /* AppDelegate.swift */ = {isa = PBXFileReference; lastKnownFileType = sourcecode.swift; path = AppDelegate.swift; sourceTree = "<group>"; };
		2B11B2A41E2D95CC005B08F8 /* Assets.xcassets */ = {isa = PBXFileReference; lastKnownFileType = folder.assetcatalog; path = Assets.xcassets; sourceTree = "<group>"; };
		2B11B2A91E2D95CC005B08F8 /* Info.plist */ = {isa = PBXFileReference; lastKnownFileType = text.plist.xml; path = Info.plist; sourceTree = "<group>"; };
		2B22C5C31E305382002474E8 /* CommentsTableViewCell.swift */ = {isa = PBXFileReference; fileEncoding = 4; lastKnownFileType = sourcecode.swift; path = CommentsTableViewCell.swift; sourceTree = "<group>"; };
		2B22C5C51E3064F0002474E8 /* DNService.swift */ = {isa = PBXFileReference; fileEncoding = 4; lastKnownFileType = sourcecode.swift; name = DNService.swift; path = NewDesigner/Services/DNService.swift; sourceTree = SOURCE_ROOT; };
		2B4BBA751E2EEC3500FC6BCA /* MenuViewController.swift */ = {isa = PBXFileReference; fileEncoding = 4; lastKnownFileType = sourcecode.swift; path = MenuViewController.swift; sourceTree = "<group>"; };
		2B4BBA771E2EEE8200FC6BCA /* WebViewController.swift */ = {isa = PBXFileReference; fileEncoding = 4; lastKnownFileType = sourcecode.swift; path = WebViewController.swift; sourceTree = "<group>"; };
		2B4BBA7A1E2EF34B00FC6BCA /* StoryTableViewCell.swift */ = {isa = PBXFileReference; fileEncoding = 4; lastKnownFileType = sourcecode.swift; path = StoryTableViewCell.swift; sourceTree = "<group>"; };
		2B5527EB1E2DC7F600C7AC8C /* LoginViewController.swift */ = {isa = PBXFileReference; fileEncoding = 4; lastKnownFileType = sourcecode.swift; path = LoginViewController.swift; sourceTree = "<group>"; };
		2B8021F01E2E403800364DC4 /* LearnViewController.swift */ = {isa = PBXFileReference; fileEncoding = 4; lastKnownFileType = sourcecode.swift; path = LearnViewController.swift; sourceTree = "<group>"; };
		2B8021F21E2E9CAE00364DC4 /* CommentsTableViewController.swift */ = {isa = PBXFileReference; fileEncoding = 4; lastKnownFileType = sourcecode.swift; path = CommentsTableViewController.swift; sourceTree = "<group>"; };
		2B8021F41E2EAA8900364DC4 /* StoriesTableViewController.swift */ = {isa = PBXFileReference; fileEncoding = 4; lastKnownFileType = sourcecode.swift; path = StoriesTableViewController.swift; sourceTree = "<group>"; };
		2B9B889C1E306FB40022DD89 /* LocalStore.swift */ = {isa = PBXFileReference; fileEncoding = 4; lastKnownFileType = sourcecode.swift; path = LocalStore.swift; sourceTree = "<group>"; };
		2B9B88A31E3075AE0022DD89 /* CommentTableViewCellDelegate.swift */ = {isa = PBXFileReference; fileEncoding = 4; lastKnownFileType = sourcecode.swift; path = CommentTableViewCellDelegate.swift; sourceTree = "<group>"; };
		2B9B88A41E3075AE0022DD89 /* LoginViewControllerDelegate.swift */ = {isa = PBXFileReference; fileEncoding = 4; lastKnownFileType = sourcecode.swift; path = LoginViewControllerDelegate.swift; sourceTree = "<group>"; };
		2B9B88A51E3075AE0022DD89 /* MenuViewControllerDelegate.swift */ = {isa = PBXFileReference; fileEncoding = 4; lastKnownFileType = sourcecode.swift; path = MenuViewControllerDelegate.swift; sourceTree = "<group>"; };
		2B9B88A61E3075AE0022DD89 /* StoryTableViewCellDelegate.swift */ = {isa = PBXFileReference; fileEncoding = 4; lastKnownFileType = sourcecode.swift; path = StoryTableViewCellDelegate.swift; sourceTree = "<group>"; };
		2B9B88AB1E30798B0022DD89 /* ReplyViewController.swift */ = {isa = PBXFileReference; fileEncoding = 4; lastKnownFileType = sourcecode.swift; path = ReplyViewController.swift; sourceTree = "<group>"; };
		2B9E26391E2D9FAD0093EB8A /* Main.storyboard */ = {isa = PBXFileReference; fileEncoding = 4; lastKnownFileType = file.storyboard; path = Main.storyboard; sourceTree = "<group>"; };
		2B9E263D1E2D9FE90093EB8A /* LaunchScreen.storyboard */ = {isa = PBXFileReference; fileEncoding = 4; lastKnownFileType = file.storyboard; path = LaunchScreen.storyboard; sourceTree = "<group>"; };
		2BF12D431E3002B400A0F8B4 /* CustomUIStoryboardSegue.swift */ = {isa = PBXFileReference; fileEncoding = 4; lastKnownFileType = sourcecode.swift; path = CustomUIStoryboardSegue.swift; sourceTree = "<group>"; };
		2BF12D4A1E301E6000A0F8B4 /* Data.swift */ = {isa = PBXFileReference; fileEncoding = 4; lastKnownFileType = sourcecode.swift; path = Data.swift; sourceTree = "<group>"; };
		2BF12D4C1E30490000A0F8B4 /* HamburgerButton.swift */ = {isa = PBXFileReference; fileEncoding = 4; lastKnownFileType = sourcecode.swift; path = HamburgerButton.swift; sourceTree = "<group>"; };
		806E7E666C1F947214AE4366 /* Pods-NewDesigner.debug.xcconfig */ = {isa = PBXFileReference; includeInIndex = 1; lastKnownFileType = text.xcconfig; name = "Pods-NewDesigner.debug.xcconfig"; path = "Pods/Target Support Files/Pods-NewDesigner/Pods-NewDesigner.debug.xcconfig"; sourceTree = "<group>"; };
		E4CF8AA0F5E6A1CFB0EC5EEC /* Pods_NewDesigner.framework */ = {isa = PBXFileReference; explicitFileType = wrapper.framework; includeInIndex = 0; path = Pods_NewDesigner.framework; sourceTree = BUILT_PRODUCTS_DIR; };
/* End PBXFileReference section */

/* Begin PBXFrameworksBuildPhase section */
		2B11B2971E2D95CC005B08F8 /* Frameworks */ = {
			isa = PBXFrameworksBuildPhase;
			buildActionMask = 2147483647;
			files = (
				1B7C00866118314CD51A2A43 /* Pods_NewDesigner.framework in Frameworks */,
			);
			runOnlyForDeploymentPostprocessing = 0;
		};
/* End PBXFrameworksBuildPhase section */

/* Begin PBXGroup section */
		20C1683D119A0529B7BBF66C /* Frameworks */ = {
			isa = PBXGroup;
			children = (
				E4CF8AA0F5E6A1CFB0EC5EEC /* Pods_NewDesigner.framework */,
			);
			name = Frameworks;
			sourceTree = "<group>";
		};
		2B11B2911E2D95CC005B08F8 = {
			isa = PBXGroup;
			children = (
				2B11B29C1E2D95CC005B08F8 /* NewDesigner */,
				2B11B29B1E2D95CC005B08F8 /* Products */,
				2E2D126B94DA4C50A94BC74E /* Pods */,
				20C1683D119A0529B7BBF66C /* Frameworks */,
			);
			sourceTree = "<group>";
		};
		2B11B29B1E2D95CC005B08F8 /* Products */ = {
			isa = PBXGroup;
			children = (
				2B11B29A1E2D95CC005B08F8 /* NewDesigner.app */,
			);
			name = Products;
			sourceTree = "<group>";
		};
		2B11B29C1E2D95CC005B08F8 /* NewDesigner */ = {
			isa = PBXGroup;
			children = (
				2B9B88A21E3075AE0022DD89 /* Delegates */,
				2B9E26361E2D9F390093EB8A /* Controllers */,
				2B9E26371E2D9F390093EB8A /* Models */,
				2B9E26381E2D9F390093EB8A /* Views */,
				2B11B29D1E2D95CC005B08F8 /* AppDelegate.swift */,
				2B11B2A41E2D95CC005B08F8 /* Assets.xcassets */,
				2B11B2A91E2D95CC005B08F8 /* Info.plist */,
			);
			path = NewDesigner;
			sourceTree = "<group>";
		};
		2B4BBA791E2EF31D00FC6BCA /* Components */ = {
			isa = PBXGroup;
			children = (
				2B9B88991E30672B0022DD89 /* TableViewCells */,
				2BF12D431E3002B400A0F8B4 /* CustomUIStoryboardSegue.swift */,
				2BF12D4C1E30490000A0F8B4 /* HamburgerButton.swift */,
			);
			path = Components;
			sourceTree = "<group>";
		};
		2B9B88991E30672B0022DD89 /* TableViewCells */ = {
			isa = PBXGroup;
			children = (
				2B4BBA7A1E2EF34B00FC6BCA /* StoryTableViewCell.swift */,
				2B22C5C31E305382002474E8 /* CommentsTableViewCell.swift */,
			);
			name = TableViewCells;
			sourceTree = "<group>";
		};
		2B9B88A21E3075AE0022DD89 /* Delegates */ = {
			isa = PBXGroup;
			children = (
				2B9B88A31E3075AE0022DD89 /* CommentTableViewCellDelegate.swift */,
				2B9B88A41E3075AE0022DD89 /* LoginViewControllerDelegate.swift */,
				2B9B88A51E3075AE0022DD89 /* MenuViewControllerDelegate.swift */,
				2B9B88A61E3075AE0022DD89 /* StoryTableViewCellDelegate.swift */,
			);
			path = Delegates;
			sourceTree = "<group>";
		};
		2B9E26361E2D9F390093EB8A /* Controllers */ = {
			isa = PBXGroup;
			children = (
				2B4BBA791E2EF31D00FC6BCA /* Components */,
				2B5527EB1E2DC7F600C7AC8C /* LoginViewController.swift */,
				2B8021F01E2E403800364DC4 /* LearnViewController.swift */,
				2B8021F21E2E9CAE00364DC4 /* CommentsTableViewController.swift */,
				2B8021F41E2EAA8900364DC4 /* StoriesTableViewController.swift */,
				2B4BBA751E2EEC3500FC6BCA /* MenuViewController.swift */,
				2B4BBA771E2EEE8200FC6BCA /* WebViewController.swift */,
				2B9B88AB1E30798B0022DD89 /* ReplyViewController.swift */,
			);
			path = Controllers;
			sourceTree = "<group>";
		};
		2B9E26371E2D9F390093EB8A /* Models */ = {
			isa = PBXGroup;
			children = (
				2BF12D4A1E301E6000A0F8B4 /* Data.swift */,
				2B22C5C51E3064F0002474E8 /* DNService.swift */,
				2B9B889C1E306FB40022DD89 /* LocalStore.swift */,
			);
			path = Models;
			sourceTree = "<group>";
		};
		2B9E26381E2D9F390093EB8A /* Views */ = {
			isa = PBXGroup;
			children = (
				2B9E263D1E2D9FE90093EB8A /* LaunchScreen.storyboard */,
				2B9E26391E2D9FAD0093EB8A /* Main.storyboard */,
			);
			path = Views;
			sourceTree = "<group>";
		};
		2E2D126B94DA4C50A94BC74E /* Pods */ = {
			isa = PBXGroup;
			children = (
				806E7E666C1F947214AE4366 /* Pods-NewDesigner.debug.xcconfig */,
				0FA93FFAF2E60B3BB1BF32FF /* Pods-NewDesigner.release.xcconfig */,
			);
			name = Pods;
			sourceTree = "<group>";
		};
/* End PBXGroup section */

/* Begin PBXNativeTarget section */
		2B11B2991E2D95CC005B08F8 /* NewDesigner */ = {
			isa = PBXNativeTarget;
			buildConfigurationList = 2B11B2AC1E2D95CC005B08F8 /* Build configuration list for PBXNativeTarget "NewDesigner" */;
			buildPhases = (
				3E1F5A65549E0BD6078AB62B /* [CP] Check Pods Manifest.lock */,
				2B11B2961E2D95CC005B08F8 /* Sources */,
				2B11B2971E2D95CC005B08F8 /* Frameworks */,
				2B11B2981E2D95CC005B08F8 /* Resources */,
				8BCBF524D8D00A5683757BC0 /* [CP] Embed Pods Frameworks */,
				AB40DCDF890001214810C5A3 /* [CP] Copy Pods Resources */,
			);
			buildRules = (
			);
			dependencies = (
			);
			name = NewDesigner;
			productName = NewDesigner;
			productReference = 2B11B29A1E2D95CC005B08F8 /* NewDesigner.app */;
			productType = "com.apple.product-type.application";
		};
/* End PBXNativeTarget section */

/* Begin PBXProject section */
		2B11B2921E2D95CC005B08F8 /* Project object */ = {
			isa = PBXProject;
			attributes = {
				LastSwiftUpdateCheck = 0820;
				LastUpgradeCheck = 0820;
				ORGANIZATIONNAME = "gustavo r meyer";
				TargetAttributes = {
					2B11B2991E2D95CC005B08F8 = {
						CreatedOnToolsVersion = 8.2.1;
						DevelopmentTeam = 56LPYTMJJW;
						ProvisioningStyle = Automatic;
					};
				};
			};
			buildConfigurationList = 2B11B2951E2D95CC005B08F8 /* Build configuration list for PBXProject "NewDesigner" */;
			compatibilityVersion = "Xcode 3.2";
			developmentRegion = English;
			hasScannedForEncodings = 0;
			knownRegions = (
				en,
				Base,
			);
			mainGroup = 2B11B2911E2D95CC005B08F8;
			productRefGroup = 2B11B29B1E2D95CC005B08F8 /* Products */;
			projectDirPath = "";
			projectRoot = "";
			targets = (
				2B11B2991E2D95CC005B08F8 /* NewDesigner */,
			);
		};
/* End PBXProject section */

/* Begin PBXResourcesBuildPhase section */
		2B11B2981E2D95CC005B08F8 /* Resources */ = {
			isa = PBXResourcesBuildPhase;
			buildActionMask = 2147483647;
			files = (
				2B9E263E1E2D9FE90093EB8A /* LaunchScreen.storyboard in Resources */,
				2B9E263A1E2D9FAD0093EB8A /* Main.storyboard in Resources */,
				2B11B2A51E2D95CC005B08F8 /* Assets.xcassets in Resources */,
			);
			runOnlyForDeploymentPostprocessing = 0;
		};
/* End PBXResourcesBuildPhase section */

/* Begin PBXShellScriptBuildPhase section */
		3E1F5A65549E0BD6078AB62B /* [CP] Check Pods Manifest.lock */ = {
			isa = PBXShellScriptBuildPhase;
			buildActionMask = 2147483647;
			files = (
			);
			inputPaths = (
			);
			name = "[CP] Check Pods Manifest.lock";
			outputPaths = (
			);
			runOnlyForDeploymentPostprocessing = 0;
			shellPath = /bin/sh;
			shellScript = "diff \"${PODS_ROOT}/../Podfile.lock\" \"${PODS_ROOT}/Manifest.lock\" > /dev/null\nif [ $? != 0 ] ; then\n    # print error to STDERR\n    echo \"error: The sandbox is not in sync with the Podfile.lock. Run 'pod install' or update your CocoaPods installation.\" >&2\n    exit 1\nfi\n";
			showEnvVarsInLog = 0;
		};
		8BCBF524D8D00A5683757BC0 /* [CP] Embed Pods Frameworks */ = {
			isa = PBXShellScriptBuildPhase;
			buildActionMask = 2147483647;
			files = (
			);
			inputPaths = (
			);
			name = "[CP] Embed Pods Frameworks";
			outputPaths = (
			);
			runOnlyForDeploymentPostprocessing = 0;
			shellPath = /bin/sh;
			shellScript = "\"${SRCROOT}/Pods/Target Support Files/Pods-NewDesigner/Pods-NewDesigner-frameworks.sh\"\n";
			showEnvVarsInLog = 0;
		};
		AB40DCDF890001214810C5A3 /* [CP] Copy Pods Resources */ = {
			isa = PBXShellScriptBuildPhase;
			buildActionMask = 2147483647;
			files = (
			);
			inputPaths = (
			);
			name = "[CP] Copy Pods Resources";
			outputPaths = (
			);
			runOnlyForDeploymentPostprocessing = 0;
			shellPath = /bin/sh;
			shellScript = "\"${SRCROOT}/Pods/Target Support Files/Pods-NewDesigner/Pods-NewDesigner-resources.sh\"\n";
			showEnvVarsInLog = 0;
		};
/* End PBXShellScriptBuildPhase section */

/* Begin PBXSourcesBuildPhase section */
		2B11B2961E2D95CC005B08F8 /* Sources */ = {
			isa = PBXSourcesBuildPhase;
			buildActionMask = 2147483647;
			files = (
				2B9B88A91E3075AE0022DD89 /* MenuViewControllerDelegate.swift in Sources */,
				2B8021F51E2EAA8900364DC4 /* StoriesTableViewController.swift in Sources */,
				2B9B889D1E306FB40022DD89 /* LocalStore.swift in Sources */,
				2B4BBA761E2EEC3500FC6BCA /* MenuViewController.swift in Sources */,
				2B8021F31E2E9CAE00364DC4 /* CommentsTableViewController.swift in Sources */,
				2BF12D4B1E301E6000A0F8B4 /* Data.swift in Sources */,
				2BF12D4D1E30490000A0F8B4 /* HamburgerButton.swift in Sources */,
				2B5527EC1E2DC7F600C7AC8C /* LoginViewController.swift in Sources */,
				2B4BBA781E2EEE8200FC6BCA /* WebViewController.swift in Sources */,
				2BF12D441E3002B400A0F8B4 /* CustomUIStoryboardSegue.swift in Sources */,
				2B9B88AA1E3075AE0022DD89 /* StoryTableViewCellDelegate.swift in Sources */,
				2B22C5C61E3064F0002474E8 /* DNService.swift in Sources */,
				2B9B88A71E3075AE0022DD89 /* CommentTableViewCellDelegate.swift in Sources */,
				2B9B88AC1E30798B0022DD89 /* ReplyViewController.swift in Sources */,
				2B8021F11E2E403800364DC4 /* LearnViewController.swift in Sources */,
				2B11B29E1E2D95CC005B08F8 /* AppDelegate.swift in Sources */,
				2B9B88A81E3075AE0022DD89 /* LoginViewControllerDelegate.swift in Sources */,
				2B4BBA7B1E2EF34C00FC6BCA /* StoryTableViewCell.swift in Sources */,
				2B22C5C41E305382002474E8 /* CommentsTableViewCell.swift in Sources */,
			);
			runOnlyForDeploymentPostprocessing = 0;
		};
/* End PBXSourcesBuildPhase section */

/* Begin XCBuildConfiguration section */
		2B11B2AA1E2D95CC005B08F8 /* Debug */ = {
			isa = XCBuildConfiguration;
			buildSettings = {
				ALWAYS_SEARCH_USER_PATHS = NO;
				CLANG_ANALYZER_NONNULL = YES;
				CLANG_CXX_LANGUAGE_STANDARD = "gnu++0x";
				CLANG_CXX_LIBRARY = "libc++";
				CLANG_ENABLE_MODULES = YES;
				CLANG_ENABLE_OBJC_ARC = YES;
				CLANG_WARN_BOOL_CONVERSION = YES;
				CLANG_WARN_CONSTANT_CONVERSION = YES;
				CLANG_WARN_DIRECT_OBJC_ISA_USAGE = YES_ERROR;
				CLANG_WARN_DOCUMENTATION_COMMENTS = YES;
				CLANG_WARN_EMPTY_BODY = YES;
				CLANG_WARN_ENUM_CONVERSION = YES;
				CLANG_WARN_INFINITE_RECURSION = YES;
				CLANG_WARN_INT_CONVERSION = YES;
				CLANG_WARN_OBJC_ROOT_CLASS = YES_ERROR;
				CLANG_WARN_SUSPICIOUS_MOVE = YES;
				CLANG_WARN_UNREACHABLE_CODE = YES;
				CLANG_WARN__DUPLICATE_METHOD_MATCH = YES;
				"CODE_SIGN_IDENTITY[sdk=iphoneos*]" = "iPhone Developer";
				COPY_PHASE_STRIP = NO;
				DEBUG_INFORMATION_FORMAT = dwarf;
				ENABLE_STRICT_OBJC_MSGSEND = YES;
				ENABLE_TESTABILITY = YES;
				GCC_C_LANGUAGE_STANDARD = gnu99;
				GCC_DYNAMIC_NO_PIC = NO;
				GCC_NO_COMMON_BLOCKS = YES;
				GCC_OPTIMIZATION_LEVEL = 0;
				GCC_PREPROCESSOR_DEFINITIONS = (
					"DEBUG=1",
					"$(inherited)",
				);
				GCC_WARN_64_TO_32_BIT_CONVERSION = YES;
				GCC_WARN_ABOUT_RETURN_TYPE = YES_ERROR;
				GCC_WARN_UNDECLARED_SELECTOR = YES;
				GCC_WARN_UNINITIALIZED_AUTOS = YES_AGGRESSIVE;
				GCC_WARN_UNUSED_FUNCTION = YES;
				GCC_WARN_UNUSED_VARIABLE = YES;
				IPHONEOS_DEPLOYMENT_TARGET = 10.2;
				MTL_ENABLE_DEBUG_INFO = YES;
				ONLY_ACTIVE_ARCH = YES;
				SDKROOT = iphoneos;
				SWIFT_ACTIVE_COMPILATION_CONDITIONS = DEBUG;
				SWIFT_OPTIMIZATION_LEVEL = "-Onone";
			};
			name = Debug;
		};
		2B11B2AB1E2D95CC005B08F8 /* Release */ = {
			isa = XCBuildConfiguration;
			buildSettings = {
				ALWAYS_SEARCH_USER_PATHS = NO;
				CLANG_ANALYZER_NONNULL = YES;
				CLANG_CXX_LANGUAGE_STANDARD = "gnu++0x";
				CLANG_CXX_LIBRARY = "libc++";
				CLANG_ENABLE_MODULES = YES;
				CLANG_ENABLE_OBJC_ARC = YES;
				CLANG_WARN_BOOL_CONVERSION = YES;
				CLANG_WARN_CONSTANT_CONVERSION = YES;
				CLANG_WARN_DIRECT_OBJC_ISA_USAGE = YES_ERROR;
				CLANG_WARN_DOCUMENTATION_COMMENTS = YES;
				CLANG_WARN_EMPTY_BODY = YES;
				CLANG_WARN_ENUM_CONVERSION = YES;
				CLANG_WARN_INFINITE_RECURSION = YES;
				CLANG_WARN_INT_CONVERSION = YES;
				CLANG_WARN_OBJC_ROOT_CLASS = YES_ERROR;
				CLANG_WARN_SUSPICIOUS_MOVE = YES;
				CLANG_WARN_UNREACHABLE_CODE = YES;
				CLANG_WARN__DUPLICATE_METHOD_MATCH = YES;
				"CODE_SIGN_IDENTITY[sdk=iphoneos*]" = "iPhone Developer";
				COPY_PHASE_STRIP = NO;
				DEBUG_INFORMATION_FORMAT = "dwarf-with-dsym";
				ENABLE_NS_ASSERTIONS = NO;
				ENABLE_STRICT_OBJC_MSGSEND = YES;
				GCC_C_LANGUAGE_STANDARD = gnu99;
				GCC_NO_COMMON_BLOCKS = YES;
				GCC_WARN_64_TO_32_BIT_CONVERSION = YES;
				GCC_WARN_ABOUT_RETURN_TYPE = YES_ERROR;
				GCC_WARN_UNDECLARED_SELECTOR = YES;
				GCC_WARN_UNINITIALIZED_AUTOS = YES_AGGRESSIVE;
				GCC_WARN_UNUSED_FUNCTION = YES;
				GCC_WARN_UNUSED_VARIABLE = YES;
				IPHONEOS_DEPLOYMENT_TARGET = 10.2;
				MTL_ENABLE_DEBUG_INFO = NO;
				SDKROOT = iphoneos;
				SWIFT_OPTIMIZATION_LEVEL = "-Owholemodule";
				VALIDATE_PRODUCT = YES;
			};
			name = Release;
		};
		2B11B2AD1E2D95CC005B08F8 /* Debug */ = {
			isa = XCBuildConfiguration;
			baseConfigurationReference = 806E7E666C1F947214AE4366 /* Pods-NewDesigner.debug.xcconfig */;
			buildSettings = {
				ASSETCATALOG_COMPILER_APPICON_NAME = AppIcon;
				DEVELOPMENT_TEAM = 56LPYTMJJW;
				INFOPLIST_FILE = NewDesigner/Info.plist;
				IPHONEOS_DEPLOYMENT_TARGET = 9.0;
				LD_RUNPATH_SEARCH_PATHS = "$(inherited) @executable_path/Frameworks";
				PRODUCT_BUNDLE_IDENTIFIER = com.meyer.NewDesigner;
				PRODUCT_NAME = "$(TARGET_NAME)";
				SWIFT_VERSION = 3.0;
			};
			name = Debug;
		};
		2B11B2AE1E2D95CC005B08F8 /* Release */ = {
			isa = XCBuildConfiguration;
			baseConfigurationReference = 0FA93FFAF2E60B3BB1BF32FF /* Pods-NewDesigner.release.xcconfig */;
			buildSettings = {
				ASSETCATALOG_COMPILER_APPICON_NAME = AppIcon;
				DEVELOPMENT_TEAM = 56LPYTMJJW;
				INFOPLIST_FILE = NewDesigner/Info.plist;
				IPHONEOS_DEPLOYMENT_TARGET = 9.0;
				LD_RUNPATH_SEARCH_PATHS = "$(inherited) @executable_path/Frameworks";
				PRODUCT_BUNDLE_IDENTIFIER = com.meyer.NewDesigner;
				PRODUCT_NAME = "$(TARGET_NAME)";
				SWIFT_VERSION = 3.0;
			};
			name = Release;
		};
/* End XCBuildConfiguration section */

/* Begin XCConfigurationList section */
		2B11B2951E2D95CC005B08F8 /* Build configuration list for PBXProject "NewDesigner" */ = {
			isa = XCConfigurationList;
			buildConfigurations = (
				2B11B2AA1E2D95CC005B08F8 /* Debug */,
				2B11B2AB1E2D95CC005B08F8 /* Release */,
			);
			defaultConfigurationIsVisible = 0;
			defaultConfigurationName = Release;
		};
		2B11B2AC1E2D95CC005B08F8 /* Build configuration list for PBXNativeTarget "NewDesigner" */ = {
			isa = XCConfigurationList;
			buildConfigurations = (
				2B11B2AD1E2D95CC005B08F8 /* Debug */,
				2B11B2AE1E2D95CC005B08F8 /* Release */,
			);
			defaultConfigurationIsVisible = 0;
			defaultConfigurationName = Release;
		};
/* End XCConfigurationList section */
	};
	rootObject = 2B11B2921E2D95CC005B08F8 /* Project object */;
}
